// !$*UTF8*$!
{
	archiveVersion = 1;
	classes = {
	};
	objectVersion = 48;
	objects = {

/* Begin PBXBuildFile section */
		3B2A88362007441B0017F2FA /* AppDelegate.swift in Sources */ = {isa = PBXBuildFile; fileRef = 3B2A88352007441B0017F2FA /* AppDelegate.swift */; };
		3B2A88382007441B0017F2FA /* CategoriesViewController.swift in Sources */ = {isa = PBXBuildFile; fileRef = 3B2A88372007441B0017F2FA /* CategoriesViewController.swift */; };
		3B2A883B2007441B0017F2FA /* Main.storyboard in Resources */ = {isa = PBXBuildFile; fileRef = 3B2A88392007441B0017F2FA /* Main.storyboard */; };
		3B2A883D2007441B0017F2FA /* Assets.xcassets in Resources */ = {isa = PBXBuildFile; fileRef = 3B2A883C2007441B0017F2FA /* Assets.xcassets */; };
		3B2A88402007441B0017F2FA /* LaunchScreen.storyboard in Resources */ = {isa = PBXBuildFile; fileRef = 3B2A883E2007441B0017F2FA /* LaunchScreen.storyboard */; };
		3B2A884C20074F640017F2FA /* CategoryTableViewCell.swift in Sources */ = {isa = PBXBuildFile; fileRef = 3B2A884B20074F640017F2FA /* CategoryTableViewCell.swift */; };
		3B2A884E200752370017F2FA /* Category.swift in Sources */ = {isa = PBXBuildFile; fileRef = 3B2A884D200752370017F2FA /* Category.swift */; };
		3B2A88512007546A0017F2FA /* Dataservices.swift in Sources */ = {isa = PBXBuildFile; fileRef = 3B2A88502007546A0017F2FA /* Dataservices.swift */; };
		3B2A8855200830910017F2FA /* ProductCollectionViewCell.swift in Sources */ = {isa = PBXBuildFile; fileRef = 3B2A8854200830910017F2FA /* ProductCollectionViewCell.swift */; };
		3B2A88572008367F0017F2FA /* Product.swift in Sources */ = {isa = PBXBuildFile; fileRef = 3B2A88562008367F0017F2FA /* Product.swift */; };
/* End PBXBuildFile section */

/* Begin PBXFileReference section */
		3B2A88322007441B0017F2FA /* CoderSwagApp.app */ = {isa = PBXFileReference; explicitFileType = wrapper.application; includeInIndex = 0; path = CoderSwagApp.app; sourceTree = BUILT_PRODUCTS_DIR; };
		3B2A88352007441B0017F2FA /* AppDelegate.swift */ = {isa = PBXFileReference; lastKnownFileType = sourcecode.swift; path = AppDelegate.swift; sourceTree = "<group>"; };
		3B2A88372007441B0017F2FA /* CategoriesViewController.swift */ = {isa = PBXFileReference; lastKnownFileType = sourcecode.swift; path = CategoriesViewController.swift; sourceTree = "<group>"; };
		3B2A883A2007441B0017F2FA /* Base */ = {isa = PBXFileReference; lastKnownFileType = file.storyboard; name = Base; path = Base.lproj/Main.storyboard; sourceTree = "<group>"; };
		3B2A883C2007441B0017F2FA /* Assets.xcassets */ = {isa = PBXFileReference; lastKnownFileType = folder.assetcatalog; path = Assets.xcassets; sourceTree = "<group>"; };
		3B2A883F2007441B0017F2FA /* Base */ = {isa = PBXFileReference; lastKnownFileType = file.storyboard; name = Base; path = Base.lproj/LaunchScreen.storyboard; sourceTree = "<group>"; };
		3B2A88412007441B0017F2FA /* Info.plist */ = {isa = PBXFileReference; lastKnownFileType = text.plist.xml; path = Info.plist; sourceTree = "<group>"; };
		3B2A884B20074F640017F2FA /* CategoryTableViewCell.swift */ = {isa = PBXFileReference; lastKnownFileType = sourcecode.swift; path = CategoryTableViewCell.swift; sourceTree = "<group>"; };
		3B2A884D200752370017F2FA /* Category.swift */ = {isa = PBXFileReference; lastKnownFileType = sourcecode.swift; path = Category.swift; sourceTree = "<group>"; };
		3B2A88502007546A0017F2FA /* Dataservices.swift */ = {isa = PBXFileReference; lastKnownFileType = sourcecode.swift; path = Dataservices.swift; sourceTree = "<group>"; };
		3B2A8854200830910017F2FA /* ProductCollectionViewCell.swift */ = {isa = PBXFileReference; lastKnownFileType = sourcecode.swift; path = ProductCollectionViewCell.swift; sourceTree = "<group>"; };
		3B2A88562008367F0017F2FA /* Product.swift */ = {isa = PBXFileReference; lastKnownFileType = sourcecode.swift; path = Product.swift; sourceTree = "<group>"; };
/* End PBXFileReference section */

/* Begin PBXFrameworksBuildPhase section */
		3B2A882F2007441B0017F2FA /* Frameworks */ = {
			isa = PBXFrameworksBuildPhase;
			buildActionMask = 2147483647;
			files = (
			);
			runOnlyForDeploymentPostprocessing = 0;
		};
/* End PBXFrameworksBuildPhase section */

/* Begin PBXGroup section */
		3B2A88292007441B0017F2FA = {
			isa = PBXGroup;
			children = (
				3B2A88342007441B0017F2FA /* CoderSwagApp */,
				3B2A88332007441B0017F2FA /* Products */,
			);
			sourceTree = "<group>";
		};
		3B2A88332007441B0017F2FA /* Products */ = {
			isa = PBXGroup;
			children = (
				3B2A88322007441B0017F2FA /* CoderSwagApp.app */,
			);
			name = Products;
			sourceTree = "<group>";
		};
		3B2A88342007441B0017F2FA /* CoderSwagApp */ = {
			isa = PBXGroup;
			children = (
				3B2A884F200754430017F2FA /* Services */,
				3B2A884A20074EEC0017F2FA /* Views */,
				3B2A884920074EE40017F2FA /* Model */,
				3B2A8848200744F50017F2FA /* Controller */,
				3B2A88352007441B0017F2FA /* AppDelegate.swift */,
				3B2A88392007441B0017F2FA /* Main.storyboard */,
				3B2A883C2007441B0017F2FA /* Assets.xcassets */,
				3B2A883E2007441B0017F2FA /* LaunchScreen.storyboard */,
				3B2A88412007441B0017F2FA /* Info.plist */,
			);
			path = CoderSwagApp;
			sourceTree = "<group>";
		};
		3B2A8848200744F50017F2FA /* Controller */ = {
			isa = PBXGroup;
			children = (
				3B2A88372007441B0017F2FA /* CategoriesViewController.swift */,
			);
			path = Controller;
			sourceTree = "<group>";
		};
		3B2A884920074EE40017F2FA /* Model */ = {
			isa = PBXGroup;
			children = (
				3B2A884D200752370017F2FA /* Category.swift */,
				3B2A88562008367F0017F2FA /* Product.swift */,
			);
			path = Model;
			sourceTree = "<group>";
		};
		3B2A884A20074EEC0017F2FA /* Views */ = {
			isa = PBXGroup;
			children = (
				3B2A884B20074F640017F2FA /* CategoryTableViewCell.swift */,
				3B2A8854200830910017F2FA /* ProductCollectionViewCell.swift */,
			);
			path = Views;
			sourceTree = "<group>";
		};
		3B2A884F200754430017F2FA /* Services */ = {
			isa = PBXGroup;
			children = (
				3B2A88502007546A0017F2FA /* Dataservices.swift */,
			);
			path = Services;
			sourceTree = "<group>";
		};
/* End PBXGroup section */

/* Begin PBXNativeTarget section */
		3B2A88312007441B0017F2FA /* CoderSwagApp */ = {
			isa = PBXNativeTarget;
			buildConfigurationList = 3B2A88442007441B0017F2FA /* Build configuration list for PBXNativeTarget "CoderSwagApp" */;
			buildPhases = (
				3B2A882E2007441B0017F2FA /* Sources */,
				3B2A882F2007441B0017F2FA /* Frameworks */,
				3B2A88302007441B0017F2FA /* Resources */,
			);
			buildRules = (
			);
			dependencies = (
			);
			name = CoderSwagApp;
			productName = CoderSwagApp;
			productReference = 3B2A88322007441B0017F2FA /* CoderSwagApp.app */;
			productType = "com.apple.product-type.application";
		};
/* End PBXNativeTarget section */

/* Begin PBXProject section */
		3B2A882A2007441B0017F2FA /* Project object */ = {
			isa = PBXProject;
			attributes = {
				LastSwiftUpdateCheck = 0910;
				LastUpgradeCheck = 0910;
				ORGANIZATIONNAME = "Sonali Patel";
				TargetAttributes = {
					3B2A88312007441B0017F2FA = {
						CreatedOnToolsVersion = 9.1;
						ProvisioningStyle = Automatic;
					};
				};
			};
			buildConfigurationList = 3B2A882D2007441B0017F2FA /* Build configuration list for PBXProject "CoderSwagApp" */;
			compatibilityVersion = "Xcode 8.0";
			developmentRegion = en;
			hasScannedForEncodings = 0;
			knownRegions = (
				en,
				Base,
			);
			mainGroup = 3B2A88292007441B0017F2FA;
			productRefGroup = 3B2A88332007441B0017F2FA /* Products */;
			projectDirPath = "";
			projectRoot = "";
			targets = (
				3B2A88312007441B0017F2FA /* CoderSwagApp */,
			);
		};
/* End PBXProject section */

/* Begin PBXResourcesBuildPhase section */
		3B2A88302007441B0017F2FA /* Resources */ = {
			isa = PBXResourcesBuildPhase;
			buildActionMask = 2147483647;
			files = (
				3B2A88402007441B0017F2FA /* LaunchScreen.storyboard in Resources */,
				3B2A883D2007441B0017F2FA /* Assets.xcassets in Resources */,
				3B2A883B2007441B0017F2FA /* Main.storyboard in Resources */,
			);
			runOnlyForDeploymentPostprocessing = 0;
		};
/* End PBXResourcesBuildPhase section */

/* Begin PBXSourcesBuildPhase section */
		3B2A882E2007441B0017F2FA /* Sources */ = {
			isa = PBXSourcesBuildPhase;
			buildActionMask = 2147483647;
			files = (
				3B2A88382007441B0017F2FA /* CategoriesViewController.swift in Sources */,
				3B2A88362007441B0017F2FA /* AppDelegate.swift in Sources */,
				3B2A884C20074F640017F2FA /* CategoryTableViewCell.swift in Sources */,
				3B2A884E200752370017F2FA /* Category.swift in Sources */,
				3B2A8855200830910017F2FA /* ProductCollectionViewCell.swift in Sources */,
				3B2A88512007546A0017F2FA /* Dataservices.swift in Sources */,
				3B2A88572008367F0017F2FA /* Product.swift in Sources */,
			);
			runOnlyForDeploymentPostprocessing = 0;
		};
/* End PBXSourcesBuildPhase section */

/* Begin PBXVariantGroup section */
		3B2A88392007441B0017F2FA /* Main.storyboard */ = {
			isa = PBXVariantGroup;
			children = (
				3B2A883A2007441B0017F2FA /* Base */,
			);
			name = Main.storyboard;
			sourceTree = "<group>";
		};
		3B2A883E2007441B0017F2FA /* LaunchScreen.storyboard */ = {
			isa = PBXVariantGroup;
			children = (
				3B2A883F2007441B0017F2FA /* Base */,
			);
			name = LaunchScreen.storyboard;
			sourceTree = "<group>";
		};
/* End PBXVariantGroup section */

/* Begin XCBuildConfiguration section */
		3B2A88422007441B0017F2FA /* Debug */ = {
			isa = XCBuildConfiguration;
			buildSettings = {
				ALWAYS_SEARCH_USER_PATHS = NO;
				CLANG_ANALYZER_NONNULL = YES;
				CLANG_ANALYZER_NUMBER_OBJECT_CONVERSION = YES_AGGRESSIVE;
				CLANG_CXX_LANGUAGE_STANDARD = "gnu++14";
				CLANG_CXX_LIBRARY = "libc++";
				CLANG_ENABLE_MODULES = YES;
				CLANG_ENABLE_OBJC_ARC = YES;
				CLANG_WARN_BLOCK_CAPTURE_AUTORELEASING = YES;
				CLANG_WARN_BOOL_CONVERSION = YES;
				CLANG_WARN_COMMA = YES;
				CLANG_WARN_CONSTANT_CONVERSION = YES;
				CLANG_WARN_DIRECT_OBJC_ISA_USAGE = YES_ERROR;
				CLANG_WARN_DOCUMENTATION_COMMENTS = YES;
				CLANG_WARN_EMPTY_BODY = YES;
				CLANG_WARN_ENUM_CONVERSION = YES;
				CLANG_WARN_INFINITE_RECURSION = YES;
				CLANG_WARN_INT_CONVERSION = YES;
				CLANG_WARN_NON_LITERAL_NULL_CONVERSION = YES;
				CLANG_WARN_OBJC_LITERAL_CONVERSION = YES;
				CLANG_WARN_OBJC_ROOT_CLASS = YES_ERROR;
				CLANG_WARN_RANGE_LOOP_ANALYSIS = YES;
				CLANG_WARN_STRICT_PROTOTYPES = YES;
				CLANG_WARN_SUSPICIOUS_MOVE = YES;
				CLANG_WARN_UNGUARDED_AVAILABILITY = YES_AGGRESSIVE;
				CLANG_WARN_UNREACHABLE_CODE = YES;
				CLANG_WARN__DUPLICATE_METHOD_MATCH = YES;
				CODE_SIGN_IDENTITY = "iPhone Developer";
				COPY_PHASE_STRIP = NO;
				DEBUG_INFORMATION_FORMAT = dwarf;
				ENABLE_STRICT_OBJC_MSGSEND = YES;
				ENABLE_TESTABILITY = YES;
				GCC_C_LANGUAGE_STANDARD = gnu11;
				GCC_DYNAMIC_NO_PIC = NO;
				GCC_NO_COMMON_BLOCKS = YES;
				GCC_OPTIMIZATION_LEVEL = 0;
				GCC_PREPROCESSOR_DEFINITIONS = (
					"DEBUG=1",
					"$(inherited)",
				);
				GCC_WARN_64_TO_32_BIT_CONVERSION = YES;
				GCC_WARN_ABOUT_RETURN_TYPE = YES_ERROR;
				GCC_WARN_UNDECLARED_SELECTOR = YES;
				GCC_WARN_UNINITIALIZED_AUTOS = YES_AGGRESSIVE;
				GCC_WARN_UNUSED_FUNCTION = YES;
				GCC_WARN_UNUSED_VARIABLE = YES;
				IPHONEOS_DEPLOYMENT_TARGET = 11.1;
				MTL_ENABLE_DEBUG_INFO = YES;
				ONLY_ACTIVE_ARCH = YES;
				SDKROOT = iphoneos;
				SWIFT_ACTIVE_COMPILATION_CONDITIONS = DEBUG;
				SWIFT_OPTIMIZATION_LEVEL = "-Onone";
			};
			name = Debug;
		};
		3B2A88432007441B0017F2FA /* Release */ = {
			isa = XCBuildConfiguration;
			buildSettings = {
				ALWAYS_SEARCH_USER_PATHS = NO;
				CLANG_ANALYZER_NONNULL = YES;
				CLANG_ANALYZER_NUMBER_OBJECT_CONVERSION = YES_AGGRESSIVE;
				CLANG_CXX_LANGUAGE_STANDARD = "gnu++14";
				CLANG_CXX_LIBRARY = "libc++";
				CLANG_ENABLE_MODULES = YES;
				CLANG_ENABLE_OBJC_ARC = YES;
				CLANG_WARN_BLOCK_CAPTURE_AUTORELEASING = YES;
				CLANG_WARN_BOOL_CONVERSION = YES;
				CLANG_WARN_COMMA = YES;
				CLANG_WARN_CONSTANT_CONVERSION = YES;
				CLANG_WARN_DIRECT_OBJC_ISA_USAGE = YES_ERROR;
				CLANG_WARN_DOCUMENTATION_COMMENTS = YES;
				CLANG_WARN_EMPTY_BODY = YES;
				CLANG_WARN_ENUM_CONVERSION = YES;
				CLANG_WARN_INFINITE_RECURSION = YES;
				CLANG_WARN_INT_CONVERSION = YES;
				CLANG_WARN_NON_LITERAL_NULL_CONVERSION = YES;
				CLANG_WARN_OBJC_LITERAL_CONVERSION = YES;
				CLANG_WARN_OBJC_ROOT_CLASS = YES_ERROR;
				CLANG_WARN_RANGE_LOOP_ANALYSIS = YES;
				CLANG_WARN_STRICT_PROTOTYPES = YES;
				CLANG_WARN_SUSPICIOUS_MOVE = YES;
				CLANG_WARN_UNGUARDED_AVAILABILITY = YES_AGGRESSIVE;
				CLANG_WARN_UNREACHABLE_CODE = YES;
				CLANG_WARN__DUPLICATE_METHOD_MATCH = YES;
				CODE_SIGN_IDENTITY = "iPhone Developer";
				COPY_PHASE_STRIP = NO;
				DEBUG_INFORMATION_FORMAT = "dwarf-with-dsym";
				ENABLE_NS_ASSERTIONS = NO;
				ENABLE_STRICT_OBJC_MSGSEND = YES;
				GCC_C_LANGUAGE_STANDARD = gnu11;
				GCC_NO_COMMON_BLOCKS = YES;
				GCC_WARN_64_TO_32_BIT_CONVERSION = YES;
				GCC_WARN_ABOUT_RETURN_TYPE = YES_ERROR;
				GCC_WARN_UNDECLARED_SELECTOR = YES;
				GCC_WARN_UNINITIALIZED_AUTOS = YES_AGGRESSIVE;
				GCC_WARN_UNUSED_FUNCTION = YES;
				GCC_WARN_UNUSED_VARIABLE = YES;
				IPHONEOS_DEPLOYMENT_TARGET = 11.1;
				MTL_ENABLE_DEBUG_INFO = NO;
				SDKROOT = iphoneos;
				SWIFT_OPTIMIZATION_LEVEL = "-Owholemodule";
				VALIDATE_PRODUCT = YES;
			};
			name = Release;
		};
		3B2A88452007441B0017F2FA /* Debug */ = {
			isa = XCBuildConfiguration;
			buildSettings = {
				ASSETCATALOG_COMPILER_APPICON_NAME = AppIcon;
				CODE_SIGN_STYLE = Automatic;
				DEVELOPMENT_TEAM = 9TAUJ4K4VL;
				INFOPLIST_FILE = CoderSwagApp/Info.plist;
				LD_RUNPATH_SEARCH_PATHS = "$(inherited) @executable_path/Frameworks";
				PRODUCT_BUNDLE_IDENTIFIER = edu.self.developer.sonali.CoderSwagApp;
				PRODUCT_NAME = "$(TARGET_NAME)";
				SWIFT_VERSION = 4.0;
				TARGETED_DEVICE_FAMILY = "1,2";
			};
			name = Debug;
		};
		3B2A88462007441B0017F2FA /* Release */ = {
			isa = XCBuildConfiguration;
			buildSettings = {
				ASSETCATALOG_COMPILER_APPICON_NAME = AppIcon;
				CODE_SIGN_STYLE = Automatic;
				DEVELOPMENT_TEAM = 9TAUJ4K4VL;
				INFOPLIST_FILE = CoderSwagApp/Info.plist;
				LD_RUNPATH_SEARCH_PATHS = "$(inherited) @executable_path/Frameworks";
				PRODUCT_BUNDLE_IDENTIFIER = edu.self.developer.sonali.CoderSwagApp;
				PRODUCT_NAME = "$(TARGET_NAME)";
				SWIFT_VERSION = 4.0;
				TARGETED_DEVICE_FAMILY = "1,2";
			};
			name = Release;
		};
/* End XCBuildConfiguration section */

/* Begin XCConfigurationList section */
		3B2A882D2007441B0017F2FA /* Build configuration list for PBXProject "CoderSwagApp" */ = {
			isa = XCConfigurationList;
			buildConfigurations = (
				3B2A88422007441B0017F2FA /* Debug */,
				3B2A88432007441B0017F2FA /* Release */,
			);
			defaultConfigurationIsVisible = 0;
			defaultConfigurationName = Release;
		};
		3B2A88442007441B0017F2FA /* Build configuration list for PBXNativeTarget "CoderSwagApp" */ = {
			isa = XCConfigurationList;
			buildConfigurations = (
				3B2A88452007441B0017F2FA /* Debug */,
				3B2A88462007441B0017F2FA /* Release */,
			);
			defaultConfigurationIsVisible = 0;
			defaultConfigurationName = Release;
		};
/* End XCConfigurationList section */
	};
	rootObject = 3B2A882A2007441B0017F2FA /* Project object */;
}
